
Microsoft Visual Studio Solution File, Format Version 12.00
# Visual Studio Version 17
VisualStudioVersion = 17.8.34322.80
MinimumVisualStudioVersion = 10.0.40219.1
Project("{FAE04EC0-301F-11D3-BF4B-00C04F79EFBC}") = "UsersAndRoles", "UsersAndRoles\UsersAndRoles.csproj", "{BA813F8A-EEA5-4A76-B3EE-A83588A560FC}"
EndProject
Global
	GlobalSection(SolutionConfigurationPlatforms) = preSolution
		Debug|Any CPU = Debug|Any CPU
		Release|Any CPU = Release|Any CPU
	EndGlobalSection
	GlobalSection(ProjectConfigurationPlatforms) = postSolution
		{BA813F8A-EEA5-4A76-B3EE-A83588A560FC}.Debug|Any CPU.ActiveCfg = Debug|Any CPU
		{BA813F8A-EEA5-4A76-B3EE-A83588A560FC}.Debug|Any CPU.Build.0 = Debug|Any CPU
		{BA813F8A-EEA5-4A76-B3EE-A83588A560FC}.Release|Any CPU.ActiveCfg = Release|Any CPU
		{BA813F8A-EEA5-4A76-B3EE-A83588A560FC}.Release|Any CPU.Build.0 = Release|Any CPU
	EndGlobalSection
	GlobalSection(SolutionProperties) = preSolution
		HideSolutionNode = FALSE
	EndGlobalSection
	GlobalSection(ExtensibilityGlobals) = postSolution
		SolutionGuid = {2D8CF700-0FD7-4097-BAD1-24D1A0533CB9}
	EndGlobalSection
EndGlobal
